
Microsoft Visual Studio Solution File, Format Version 11.00
# Visual Studio 2010
Project("{FAE04EC0-301F-11D3-BF4B-00C04F79EFBC}") = "FaceRecognition", "FaceRecognition.csproj", "{C971BD0E-994B-401A-A1B8-72E5E49DACAA}"
EndProject
Project("{FAE04EC0-301F-11D3-BF4B-00C04F79EFBC}") = "ImageView", "..\ImageView\ImageView.csproj", "{BFBB843B-EDF3-4AE5-AAFF-F7C0DC235F28}"
EndProject
Project("{2150E333-8FDC-42A3-9474-1A3956D46DE8}") = "UIProjectHelpers", "UIProjectHelpers", "{35A465DF-FF81-4AD8-ACD7-A6D828131684}"
EndProject
Project("{FAE04EC0-301F-11D3-BF4B-00C04F79EFBC}") = "FaceDetection", "..\FaceDetection\FaceDetection.csproj", "{E5A61414-1D09-4BB2-84D6-DFDE2399D911}"
EndProject
Project("{FAE04EC0-301F-11D3-BF4B-00C04F79EFBC}") = "FaceImagesModel", "..\FaceImagesModel\FaceImagesModel.csproj", "{7CC00F9A-6843-4E5A-A8D8-1909BF1E8F69}"
EndProject
Project("{FAE04EC0-301F-11D3-BF4B-00C04F79EFBC}") = "FaceImagesDataAccess", "FaceImagesDataAccess\FaceImagesDataAccess.csproj", "{00955A53-B146-427B-8F0C-065FF05EAAFF}"
EndProject
Project("{FAE04EC0-301F-11D3-BF4B-00C04F79EFBC}") = "Utility", "..\Utility\Utility.csproj", "{61483CC1-C186-4E26-BE26-0E666F84712D}"
EndProject
Project("{2150E333-8FDC-42A3-9474-1A3956D46DE8}") = "ModelLayerProjectHelpers", "ModelLayerProjectHelpers", "{6F60C3A5-EF30-4010-800C-42EAE0CA165D}"
EndProject
Project("{FAE04EC0-301F-11D3-BF4B-00C04F79EFBC}") = "BusyControl", "..\BusyControl\BusyControl.csproj", "{872FC232-D903-4FD3-A40F-EFA9AB9BD014}"
EndProject
Project("{2150E333-8FDC-42A3-9474-1A3956D46DE8}") = "Solution Items", "Solution Items", "{47344DFD-43E2-4C4D-83C5-0E9D72B49E21}"
	ProjectSection(SolutionItems) = preProject
		FaceRecognition.vsmdi = FaceRecognition.vsmdi
		Local.testsettings = Local.testsettings
		TraceAndTestImpact.testsettings = TraceAndTestImpact.testsettings
	EndProjectSection
EndProject
Global
	GlobalSection(TestCaseManagementSettings) = postSolution
		CategoryFile = FaceRecognition.vsmdi
	EndGlobalSection
	GlobalSection(SolutionConfigurationPlatforms) = preSolution
		Debug|Any CPU = Debug|Any CPU
		Debug|Mixed Platforms = Debug|Mixed Platforms
		Debug|x86 = Debug|x86
		Release|Any CPU = Release|Any CPU
		Release|Mixed Platforms = Release|Mixed Platforms
		Release|x86 = Release|x86
	EndGlobalSection
	GlobalSection(ProjectConfigurationPlatforms) = postSolution
		{C971BD0E-994B-401A-A1B8-72E5E49DACAA}.Debug|Any CPU.ActiveCfg = Debug|x86
		{C971BD0E-994B-401A-A1B8-72E5E49DACAA}.Debug|Mixed Platforms.ActiveCfg = Debug|x86
		{C971BD0E-994B-401A-A1B8-72E5E49DACAA}.Debug|Mixed Platforms.Build.0 = Debug|x86
		{C971BD0E-994B-401A-A1B8-72E5E49DACAA}.Debug|x86.ActiveCfg = Debug|x86
		{C971BD0E-994B-401A-A1B8-72E5E49DACAA}.Debug|x86.Build.0 = Debug|x86
		{C971BD0E-994B-401A-A1B8-72E5E49DACAA}.Release|Any CPU.ActiveCfg = Release|x86
		{C971BD0E-994B-401A-A1B8-72E5E49DACAA}.Release|Mixed Platforms.ActiveCfg = Release|x86
		{C971BD0E-994B-401A-A1B8-72E5E49DACAA}.Release|Mixed Platforms.Build.0 = Release|x86
		{C971BD0E-994B-401A-A1B8-72E5E49DACAA}.Release|x86.ActiveCfg = Release|x86
		{C971BD0E-994B-401A-A1B8-72E5E49DACAA}.Release|x86.Build.0 = Release|x86
		{BFBB843B-EDF3-4AE5-AAFF-F7C0DC235F28}.Debug|Any CPU.ActiveCfg = Debug|Any CPU
		{BFBB843B-EDF3-4AE5-AAFF-F7C0DC235F28}.Debug|Any CPU.Build.0 = Debug|Any CPU
		{BFBB843B-EDF3-4AE5-AAFF-F7C0DC235F28}.Debug|Mixed Platforms.ActiveCfg = Debug|Any CPU
		{BFBB843B-EDF3-4AE5-AAFF-F7C0DC235F28}.Debug|Mixed Platforms.Build.0 = Debug|Any CPU
		{BFBB843B-EDF3-4AE5-AAFF-F7C0DC235F28}.Debug|x86.ActiveCfg = Debug|Any CPU
		{BFBB843B-EDF3-4AE5-AAFF-F7C0DC235F28}.Release|Any CPU.ActiveCfg = Release|Any CPU
		{BFBB843B-EDF3-4AE5-AAFF-F7C0DC235F28}.Release|Any CPU.Build.0 = Release|Any CPU
		{BFBB843B-EDF3-4AE5-AAFF-F7C0DC235F28}.Release|Mixed Platforms.ActiveCfg = Release|Any CPU
		{BFBB843B-EDF3-4AE5-AAFF-F7C0DC235F28}.Release|Mixed Platforms.Build.0 = Release|Any CPU
		{BFBB843B-EDF3-4AE5-AAFF-F7C0DC235F28}.Release|x86.ActiveCfg = Release|Any CPU
		{E5A61414-1D09-4BB2-84D6-DFDE2399D911}.Debug|Any CPU.ActiveCfg = Debug|Any CPU
		{E5A61414-1D09-4BB2-84D6-DFDE2399D911}.Debug|Any CPU.Build.0 = Debug|Any CPU
		{E5A61414-1D09-4BB2-84D6-DFDE2399D911}.Debug|Mixed Platforms.ActiveCfg = Debug|Any CPU
		{E5A61414-1D09-4BB2-84D6-DFDE2399D911}.Debug|Mixed Platforms.Build.0 = Debug|Any CPU
		{E5A61414-1D09-4BB2-84D6-DFDE2399D911}.Debug|x86.ActiveCfg = Debug|Any CPU
		{E5A61414-1D09-4BB2-84D6-DFDE2399D911}.Release|Any CPU.ActiveCfg = Release|Any CPU
		{E5A61414-1D09-4BB2-84D6-DFDE2399D911}.Release|Any CPU.Build.0 = Release|Any CPU
		{E5A61414-1D09-4BB2-84D6-DFDE2399D911}.Release|Mixed Platforms.ActiveCfg = Release|Any CPU
		{E5A61414-1D09-4BB2-84D6-DFDE2399D911}.Release|Mixed Platforms.Build.0 = Release|Any CPU
		{E5A61414-1D09-4BB2-84D6-DFDE2399D911}.Release|x86.ActiveCfg = Release|Any CPU
		{7CC00F9A-6843-4E5A-A8D8-1909BF1E8F69}.Debug|Any CPU.ActiveCfg = Debug|Any CPU
		{7CC00F9A-6843-4E5A-A8D8-1909BF1E8F69}.Debug|Any CPU.Build.0 = Debug|Any CPU
		{7CC00F9A-6843-4E5A-A8D8-1909BF1E8F69}.Debug|Mixed Platforms.ActiveCfg = Debug|Any CPU
		{7CC00F9A-6843-4E5A-A8D8-1909BF1E8F69}.Debug|Mixed Platforms.Build.0 = Debug|Any CPU
		{7CC00F9A-6843-4E5A-A8D8-1909BF1E8F69}.Debug|x86.ActiveCfg = Debug|Any CPU
		{7CC00F9A-6843-4E5A-A8D8-1909BF1E8F69}.Release|Any CPU.ActiveCfg = Release|Any CPU
		{7CC00F9A-6843-4E5A-A8D8-1909BF1E8F69}.Release|Any CPU.Build.0 = Release|Any CPU
		{7CC00F9A-6843-4E5A-A8D8-1909BF1E8F69}.Release|Mixed Platforms.ActiveCfg = Release|Any CPU
		{7CC00F9A-6843-4E5A-A8D8-1909BF1E8F69}.Release|Mixed Platforms.Build.0 = Release|Any CPU
		{7CC00F9A-6843-4E5A-A8D8-1909BF1E8F69}.Release|x86.ActiveCfg = Release|Any CPU
		{00955A53-B146-427B-8F0C-065FF05EAAFF}.Debug|Any CPU.ActiveCfg = Debug|Any CPU
		{00955A53-B146-427B-8F0C-065FF05EAAFF}.Debug|Any CPU.Build.0 = Debug|Any CPU
		{00955A53-B146-427B-8F0C-065FF05EAAFF}.Debug|Mixed Platforms.ActiveCfg = Debug|Any CPU
		{00955A53-B146-427B-8F0C-065FF05EAAFF}.Debug|Mixed Platforms.Build.0 = Debug|Any CPU
		{00955A53-B146-427B-8F0C-065FF05EAAFF}.Debug|x86.ActiveCfg = Debug|Any CPU
		{00955A53-B146-427B-8F0C-065FF05EAAFF}.Release|Any CPU.ActiveCfg = Release|Any CPU
		{00955A53-B146-427B-8F0C-065FF05EAAFF}.Release|Any CPU.Build.0 = Release|Any CPU
		{00955A53-B146-427B-8F0C-065FF05EAAFF}.Release|Mixed Platforms.ActiveCfg = Release|Any CPU
		{00955A53-B146-427B-8F0C-065FF05EAAFF}.Release|Mixed Platforms.Build.0 = Release|Any CPU
		{00955A53-B146-427B-8F0C-065FF05EAAFF}.Release|x86.ActiveCfg = Release|Any CPU
		{61483CC1-C186-4E26-BE26-0E666F84712D}.Debug|Any CPU.ActiveCfg = Debug|Any CPU
		{61483CC1-C186-4E26-BE26-0E666F84712D}.Debug|Any CPU.Build.0 = Debug|Any CPU
		{61483CC1-C186-4E26-BE26-0E666F84712D}.Debug|Mixed Platforms.ActiveCfg = Debug|Any CPU
		{61483CC1-C186-4E26-BE26-0E666F84712D}.Debug|Mixed Platforms.Build.0 = Debug|Any CPU
		{61483CC1-C186-4E26-BE26-0E666F84712D}.Debug|x86.ActiveCfg = Debug|Any CPU
		{61483CC1-C186-4E26-BE26-0E666F84712D}.Release|Any CPU.ActiveCfg = Release|Any CPU
		{61483CC1-C186-4E26-BE26-0E666F84712D}.Release|Any CPU.Build.0 = Release|Any CPU
		{61483CC1-C186-4E26-BE26-0E666F84712D}.Release|Mixed Platforms.ActiveCfg = Release|Any CPU
		{61483CC1-C186-4E26-BE26-0E666F84712D}.Release|Mixed Platforms.Build.0 = Release|Any CPU
		{61483CC1-C186-4E26-BE26-0E666F84712D}.Release|x86.ActiveCfg = Release|Any CPU
		{872FC232-D903-4FD3-A40F-EFA9AB9BD014}.Debug|Any CPU.ActiveCfg = Debug|Any CPU
		{872FC232-D903-4FD3-A40F-EFA9AB9BD014}.Debug|Any CPU.Build.0 = Debug|Any CPU
		{872FC232-D903-4FD3-A40F-EFA9AB9BD014}.Debug|Mixed Platforms.ActiveCfg = Debug|Any CPU
		{872FC232-D903-4FD3-A40F-EFA9AB9BD014}.Debug|Mixed Platforms.Build.0 = Debug|Any CPU
		{872FC232-D903-4FD3-A40F-EFA9AB9BD014}.Debug|x86.ActiveCfg = Debug|Any CPU
		{872FC232-D903-4FD3-A40F-EFA9AB9BD014}.Release|Any CPU.ActiveCfg = Release|Any CPU
		{872FC232-D903-4FD3-A40F-EFA9AB9BD014}.Release|Any CPU.Build.0 = Release|Any CPU
		{872FC232-D903-4FD3-A40F-EFA9AB9BD014}.Release|Mixed Platforms.ActiveCfg = Release|Any CPU
		{872FC232-D903-4FD3-A40F-EFA9AB9BD014}.Release|Mixed Platforms.Build.0 = Release|Any CPU
		{872FC232-D903-4FD3-A40F-EFA9AB9BD014}.Release|x86.ActiveCfg = Release|Any CPU
	EndGlobalSection
	GlobalSection(SolutionProperties) = preSolution
		HideSolutionNode = FALSE
	EndGlobalSection
	GlobalSection(NestedProjects) = preSolution
		{BFBB843B-EDF3-4AE5-AAFF-F7C0DC235F28} = {35A465DF-FF81-4AD8-ACD7-A6D828131684}
		{E5A61414-1D09-4BB2-84D6-DFDE2399D911} = {35A465DF-FF81-4AD8-ACD7-A6D828131684}
		{872FC232-D903-4FD3-A40F-EFA9AB9BD014} = {35A465DF-FF81-4AD8-ACD7-A6D828131684}
		{00955A53-B146-427B-8F0C-065FF05EAAFF} = {6F60C3A5-EF30-4010-800C-42EAE0CA165D}
		{61483CC1-C186-4E26-BE26-0E666F84712D} = {6F60C3A5-EF30-4010-800C-42EAE0CA165D}
		{7CC00F9A-6843-4E5A-A8D8-1909BF1E8F69} = {6F60C3A5-EF30-4010-800C-42EAE0CA165D}
	EndGlobalSection
EndGlobal
